
Microsoft Visual Studio Solution File, Format Version 12.00
# Visual Studio Version 16
VisualStudioVersion = 16.0.30128.74
MinimumVisualStudioVersion = 10.0.40219.1
Project("{9A19103F-16F7-4668-BE54-9A1E7A4F7556}") = "CareerCloud.Pocos", "CareerCloud.Pocos\CareerCloud.Pocos.csproj", "{980C45FC-F7E1-4269-B167-DD96359492C4}"
EndProject
Project("{9A19103F-16F7-4668-BE54-9A1E7A4F7556}") = "CareerCloudCore.UnitTests.Assignment1", "CareerCloudCore.UnitTests.Assignment1\CareerCloudCore.UnitTests.Assignment1\CareerCloudCore.UnitTests.Assignment1.csproj", "{2AA4A75E-5870-4786-913B-105E610BAFBA}"
EndProject
Project("{9A19103F-16F7-4668-BE54-9A1E7A4F7556}") = "CareerCloud.DataAccessLayer", "CareerCloud.DataAccessLayer\CareerCloud.DataAccessLayer.csproj", "{68AC52E6-CA9A-4AD9-B2B9-47931D1DA7E7}"
EndProject
Project("{9A19103F-16F7-4668-BE54-9A1E7A4F7556}") = "CareerCloud.ADODataAccessLayer", "CareerCloud.ADODataAccessLayer\CareerCloud.ADODataAccessLayer.csproj", "{7C10FA59-FF27-4E82-96CC-A955F463D646}"
EndProject
Project("{9A19103F-16F7-4668-BE54-9A1E7A4F7556}") = "CareerCloudCore.UnitTests.Assignment2", "..\CareerCloudCore.UnitTests.Assignment2\CareerCloudCore.UnitTests.Assignment2.csproj", "{1291E1A1-7006-45FF-8DD7-5E4CE49601CF}"
EndProject
Global
	GlobalSection(SolutionConfigurationPlatforms) = preSolution
		Debug|Any CPU = Debug|Any CPU
		Release|Any CPU = Release|Any CPU
	EndGlobalSection
	GlobalSection(ProjectConfigurationPlatforms) = postSolution
		{980C45FC-F7E1-4269-B167-DD96359492C4}.Debug|Any CPU.ActiveCfg = Debug|Any CPU
		{980C45FC-F7E1-4269-B167-DD96359492C4}.Debug|Any CPU.Build.0 = Debug|Any CPU
		{980C45FC-F7E1-4269-B167-DD96359492C4}.Release|Any CPU.ActiveCfg = Release|Any CPU
		{980C45FC-F7E1-4269-B167-DD96359492C4}.Release|Any CPU.Build.0 = Release|Any CPU
		{2AA4A75E-5870-4786-913B-105E610BAFBA}.Debug|Any CPU.ActiveCfg = Debug|Any CPU
		{2AA4A75E-5870-4786-913B-105E610BAFBA}.Debug|Any CPU.Build.0 = Debug|Any CPU
		{2AA4A75E-5870-4786-913B-105E610BAFBA}.Release|Any CPU.ActiveCfg = Release|Any CPU
		{2AA4A75E-5870-4786-913B-105E610BAFBA}.Release|Any CPU.Build.0 = Release|Any CPU
		{68AC52E6-CA9A-4AD9-B2B9-47931D1DA7E7}.Debug|Any CPU.ActiveCfg = Debug|Any CPU
		{68AC52E6-CA9A-4AD9-B2B9-47931D1DA7E7}.Debug|Any CPU.Build.0 = Debug|Any CPU
		{68AC52E6-CA9A-4AD9-B2B9-47931D1DA7E7}.Release|Any CPU.ActiveCfg = Release|Any CPU
		{68AC52E6-CA9A-4AD9-B2B9-47931D1DA7E7}.Release|Any CPU.Build.0 = Release|Any CPU
		{7C10FA59-FF27-4E82-96CC-A955F463D646}.Debug|Any CPU.ActiveCfg = Debug|Any CPU
		{7C10FA59-FF27-4E82-96CC-A955F463D646}.Debug|Any CPU.Build.0 = Debug|Any CPU
		{7C10FA59-FF27-4E82-96CC-A955F463D646}.Release|Any CPU.ActiveCfg = Release|Any CPU
		{7C10FA59-FF27-4E82-96CC-A955F463D646}.Release|Any CPU.Build.0 = Release|Any CPU
		{1291E1A1-7006-45FF-8DD7-5E4CE49601CF}.Debug|Any CPU.ActiveCfg = Debug|Any CPU
		{1291E1A1-7006-45FF-8DD7-5E4CE49601CF}.Debug|Any CPU.Build.0 = Debug|Any CPU
		{1291E1A1-7006-45FF-8DD7-5E4CE49601CF}.Release|Any CPU.ActiveCfg = Release|Any CPU
		{1291E1A1-7006-45FF-8DD7-5E4CE49601CF}.Release|Any CPU.Build.0 = Release|Any CPU
	EndGlobalSection
	GlobalSection(SolutionProperties) = preSolution
		HideSolutionNode = FALSE
	EndGlobalSection
	GlobalSection(ExtensibilityGlobals) = postSolution
		SolutionGuid = {DA7E527D-48BD-43AE-9BC5-67128AD36F2F}
	EndGlobalSection
EndGlobal
